
Microsoft Visual Studio Solution File, Format Version 12.00
# Visual Studio Version 17
VisualStudioVersion = 17.14.36301.6 d17.14
MinimumVisualStudioVersion = 10.0.40219.1
Project("{FAE04EC0-301F-11D3-BF4B-00C04F79EFBC}") = "SymLinker", "SymLinker.csproj", "{83516E0F-66E4-49B4-AC39-3304F3BBDB92}"
EndProject
Global
	GlobalSection(SolutionConfigurationPlatforms) = preSolution
		Debug|Any CPU = Debug|Any CPU
		Release|Any CPU = Release|Any CPU
	EndGlobalSection
	GlobalSection(ProjectConfigurationPlatforms) = postSolution
		{83516E0F-66E4-49B4-AC39-3304F3BBDB92}.Debug|Any CPU.ActiveCfg = Debug|Any CPU
		{83516E0F-66E4-49B4-AC39-3304F3BBDB92}.Debug|Any CPU.Build.0 = Debug|Any CPU
		{83516E0F-66E4-49B4-AC39-3304F3BBDB92}.Release|Any CPU.ActiveCfg = Release|Any CPU
		{83516E0F-66E4-49B4-AC39-3304F3BBDB92}.Release|Any CPU.Build.0 = Release|Any CPU
	EndGlobalSection
	GlobalSection(SolutionProperties) = preSolution
		HideSolutionNode = FALSE
	EndGlobalSection
	GlobalSection(ExtensibilityGlobals) = postSolution
		SolutionGuid = {01E7DA7D-681E-456D-B38A-7E98E48EFAAE}
	EndGlobalSection
EndGlobal
